
Microsoft Visual Studio Solution File, Format Version 12.00
# Visual Studio Version 17
VisualStudioVersion = 17.14.36616.10 d17.14
MinimumVisualStudioVersion = 10.0.40219.1
Project("{FAE04EC0-301F-11D3-BF4B-00C04F79EFBC}") = "Inventory Manager", "Inventory Manager\Inventory Manager.csproj", "{9991E420-3C21-42DF-9D63-B28D87AD0069}"
EndProject
Global
	GlobalSection(SolutionConfigurationPlatforms) = preSolution
		Debug|Any CPU = Debug|Any CPU
		Release|Any CPU = Release|Any CPU
	EndGlobalSection
	GlobalSection(ProjectConfigurationPlatforms) = postSolution
		{9991E420-3C21-42DF-9D63-B28D87AD0069}.Debug|Any CPU.ActiveCfg = Debug|Any CPU
		{9991E420-3C21-42DF-9D63-B28D87AD0069}.Debug|Any CPU.Build.0 = Debug|Any CPU
		{9991E420-3C21-42DF-9D63-B28D87AD0069}.Release|Any CPU.ActiveCfg = Release|Any CPU
		{9991E420-3C21-42DF-9D63-B28D87AD0069}.Release|Any CPU.Build.0 = Release|Any CPU
	EndGlobalSection
	GlobalSection(SolutionProperties) = preSolution
		HideSolutionNode = FALSE
	EndGlobalSection
	GlobalSection(ExtensibilityGlobals) = postSolution
		SolutionGuid = {D050C094-C91A-4B4E-813A-307D10D1776A}
	EndGlobalSection
EndGlobal
